// !$*UTF8*$!
{
	archiveVersion = 1;
	classes = {
	};
	objectVersion = 46;
	objects = {

/* Begin PBXBuildFile section */
		2F01E7BB1A87B694006BDDAB /* ProductImageCell.m in Sources */ = {isa = PBXBuildFile; fileRef = 2F01E7B91A87B694006BDDAB /* ProductImageCell.m */; };
		2F01E7BC1A87B694006BDDAB /* ProductImageCell.xib in Resources */ = {isa = PBXBuildFile; fileRef = 2F01E7BA1A87B694006BDDAB /* ProductImageCell.xib */; };
		2F01E7C01A87C075006BDDAB /* PriceTableCell.m in Sources */ = {isa = PBXBuildFile; fileRef = 2F01E7BE1A87C075006BDDAB /* PriceTableCell.m */; };
		2F01E7C11A87C075006BDDAB /* PriceTableCell.xib in Resources */ = {isa = PBXBuildFile; fileRef = 2F01E7BF1A87C075006BDDAB /* PriceTableCell.xib */; };
		2F01E7C51A87C2B3006BDDAB /* DescriptionTableCell.m in Sources */ = {isa = PBXBuildFile; fileRef = 2F01E7C31A87C2B3006BDDAB /* DescriptionTableCell.m */; };
		2F01E7C61A87C2B3006BDDAB /* DescriptionTableCell.xib in Resources */ = {isa = PBXBuildFile; fileRef = 2F01E7C41A87C2B3006BDDAB /* DescriptionTableCell.xib */; };
		2F01E7CD1A87C54C006BDDAB /* SeperatorTableCell.m in Sources */ = {isa = PBXBuildFile; fileRef = 2F01E7CB1A87C54C006BDDAB /* SeperatorTableCell.m */; };
		2F01E7CE1A87C54C006BDDAB /* SeperatorTableCell.xib in Resources */ = {isa = PBXBuildFile; fileRef = 2F01E7CC1A87C54C006BDDAB /* SeperatorTableCell.xib */; };
		2F0475061A813D1B00196F0B /* ProductTableViewCell.m in Sources */ = {isa = PBXBuildFile; fileRef = 2F0475041A813D1B00196F0B /* ProductTableViewCell.m */; };
		2F0475071A813D1B00196F0B /* ProductTableViewCell.xib in Resources */ = {isa = PBXBuildFile; fileRef = 2F0475051A813D1B00196F0B /* ProductTableViewCell.xib */; };
		2F28A0071A89BC6500C296D6 /* NearbyViewController.m in Sources */ = {isa = PBXBuildFile; fileRef = 2F28A0061A89BC6500C296D6 /* NearbyViewController.m */; };
		2F28A00C1A89CFB700C296D6 /* NearbyTableViewCell.m in Sources */ = {isa = PBXBuildFile; fileRef = 2F28A00A1A89CFB700C296D6 /* NearbyTableViewCell.m */; };
		2F28A00D1A89CFB700C296D6 /* NearbyTableViewCell.xib in Resources */ = {isa = PBXBuildFile; fileRef = 2F28A00B1A89CFB700C296D6 /* NearbyTableViewCell.xib */; };
		2F28A0101A89D60E00C296D6 /* MessageViewController.m in Sources */ = {isa = PBXBuildFile; fileRef = 2F28A00F1A89D60E00C296D6 /* MessageViewController.m */; };
		2F28A0161A89E36F00C296D6 /* DeviceHardware.m in Sources */ = {isa = PBXBuildFile; fileRef = 2F28A0151A89E36F00C296D6 /* DeviceHardware.m */; };
		2F28A0191A8A057300C296D6 /* AboutMeViewController.m in Sources */ = {isa = PBXBuildFile; fileRef = 2F28A0181A8A057300C296D6 /* AboutMeViewController.m */; };
		2F2B87DC1A832A7100FE8F20 /* MLKMenuPopover.m in Sources */ = {isa = PBXBuildFile; fileRef = 2F2B87DB1A832A7100FE8F20 /* MLKMenuPopover.m */; };
		2F2B87DF1A833F4800FE8F20 /* CommunityViewController.m in Sources */ = {isa = PBXBuildFile; fileRef = 2F2B87DE1A833F4800FE8F20 /* CommunityViewController.m */; };
		2F2B87E11A83650C00FE8F20 /* CategoryCell.xib in Resources */ = {isa = PBXBuildFile; fileRef = 2F2B87E01A83650C00FE8F20 /* CategoryCell.xib */; };
		2F2B87E31A83670600FE8F20 /* ProductCell.xib in Resources */ = {isa = PBXBuildFile; fileRef = 2F2B87E21A83670600FE8F20 /* ProductCell.xib */; };
		2F31B21A1A83D74000A2BB86 /* AFHTTPRequestOperation.m in Sources */ = {isa = PBXBuildFile; fileRef = 2F31B2081A83D74000A2BB86 /* AFHTTPRequestOperation.m */; };
		2F31B21B1A83D74000A2BB86 /* AFHTTPRequestOperationManager.m in Sources */ = {isa = PBXBuildFile; fileRef = 2F31B20A1A83D74000A2BB86 /* AFHTTPRequestOperationManager.m */; };
		2F31B21C1A83D74000A2BB86 /* AFHTTPSessionManager.m in Sources */ = {isa = PBXBuildFile; fileRef = 2F31B20C1A83D74000A2BB86 /* AFHTTPSessionManager.m */; };
		2F31B21D1A83D74000A2BB86 /* AFNetworkReachabilityManager.m in Sources */ = {isa = PBXBuildFile; fileRef = 2F31B20F1A83D74000A2BB86 /* AFNetworkReachabilityManager.m */; };
		2F31B21E1A83D74000A2BB86 /* AFSecurityPolicy.m in Sources */ = {isa = PBXBuildFile; fileRef = 2F31B2111A83D74000A2BB86 /* AFSecurityPolicy.m */; };
		2F31B21F1A83D74000A2BB86 /* AFURLConnectionOperation.m in Sources */ = {isa = PBXBuildFile; fileRef = 2F31B2131A83D74000A2BB86 /* AFURLConnectionOperation.m */; };
		2F31B2201A83D74000A2BB86 /* AFURLRequestSerialization.m in Sources */ = {isa = PBXBuildFile; fileRef = 2F31B2151A83D74000A2BB86 /* AFURLRequestSerialization.m */; };
		2F31B2211A83D74000A2BB86 /* AFURLResponseSerialization.m in Sources */ = {isa = PBXBuildFile; fileRef = 2F31B2171A83D74000A2BB86 /* AFURLResponseSerialization.m */; };
		2F31B2221A83D74000A2BB86 /* AFURLSessionManager.m in Sources */ = {isa = PBXBuildFile; fileRef = 2F31B2191A83D74000A2BB86 /* AFURLSessionManager.m */; };
		2F31B2351A83D74D00A2BB86 /* AFNetworkActivityIndicatorManager.m in Sources */ = {isa = PBXBuildFile; fileRef = 2F31B2251A83D74D00A2BB86 /* AFNetworkActivityIndicatorManager.m */; };
		2F31B2361A83D74D00A2BB86 /* UIActivityIndicatorView+AFNetworking.m in Sources */ = {isa = PBXBuildFile; fileRef = 2F31B2271A83D74D00A2BB86 /* UIActivityIndicatorView+AFNetworking.m */; };
		2F31B2371A83D74D00A2BB86 /* UIAlertView+AFNetworking.m in Sources */ = {isa = PBXBuildFile; fileRef = 2F31B2291A83D74D00A2BB86 /* UIAlertView+AFNetworking.m */; };
		2F31B2381A83D74D00A2BB86 /* UIButton+AFNetworking.m in Sources */ = {isa = PBXBuildFile; fileRef = 2F31B22B1A83D74D00A2BB86 /* UIButton+AFNetworking.m */; };
		2F31B2391A83D74D00A2BB86 /* UIImageView+AFNetworking.m in Sources */ = {isa = PBXBuildFile; fileRef = 2F31B22D1A83D74D00A2BB86 /* UIImageView+AFNetworking.m */; };
		2F31B23A1A83D74D00A2BB86 /* UIProgressView+AFNetworking.m in Sources */ = {isa = PBXBuildFile; fileRef = 2F31B2301A83D74D00A2BB86 /* UIProgressView+AFNetworking.m */; };
		2F31B23B1A83D74D00A2BB86 /* UIRefreshControl+AFNetworking.m in Sources */ = {isa = PBXBuildFile; fileRef = 2F31B2321A83D74D00A2BB86 /* UIRefreshControl+AFNetworking.m */; };
		2F31B23C1A83D74D00A2BB86 /* UIWebView+AFNetworking.m in Sources */ = {isa = PBXBuildFile; fileRef = 2F31B2341A83D74D00A2BB86 /* UIWebView+AFNetworking.m */; };
		2F31B2421A83D77E00A2BB86 /* LAAnimatedGrid.m in Sources */ = {isa = PBXBuildFile; fileRef = 2F31B23F1A83D77E00A2BB86 /* LAAnimatedGrid.m */; };
		2F31B2431A83D77E00A2BB86 /* LAAnimatedView.m in Sources */ = {isa = PBXBuildFile; fileRef = 2F31B2411A83D77E00A2BB86 /* LAAnimatedView.m */; };
		2F34CEE81A8878ED000AD896 /* CommentTableViewCell.m in Sources */ = {isa = PBXBuildFile; fileRef = 2F34CEE71A8878ED000AD896 /* CommentTableViewCell.m */; };
		2F34CEF41A88AC35000AD896 /* OrderDetailViewController.m in Sources */ = {isa = PBXBuildFile; fileRef = 2F34CEF31A88AC35000AD896 /* OrderDetailViewController.m */; };
		2F480A911A864BB60034CA65 /* ProductDetailViewController.m in Sources */ = {isa = PBXBuildFile; fileRef = 2F480A901A864BB60034CA65 /* ProductDetailViewController.m */; };
		2F4A63AA1A89049D00B30986 /* CommunitySelectionViewController.m in Sources */ = {isa = PBXBuildFile; fileRef = 2F4A63A91A89049D00B30986 /* CommunitySelectionViewController.m */; };
		2F4A63AE1A890D5300B30986 /* CommunityForSelectionCell.m in Sources */ = {isa = PBXBuildFile; fileRef = 2F4A63AC1A890D5300B30986 /* CommunityForSelectionCell.m */; };
		2F4A63AF1A890D5300B30986 /* CommunityForSelectionCell.xib in Resources */ = {isa = PBXBuildFile; fileRef = 2F4A63AD1A890D5300B30986 /* CommunityForSelectionCell.xib */; };
		2F5954B31A7E6857001D5DAD /* BFPreferenceData.m in Sources */ = {isa = PBXBuildFile; fileRef = 2F5954B21A7E6857001D5DAD /* BFPreferenceData.m */; };
		2F5954BB1A7E78BB001D5DAD /* CommunityCollectionViewCell.m in Sources */ = {isa = PBXBuildFile; fileRef = 2F5954B91A7E78BB001D5DAD /* CommunityCollectionViewCell.m */; };
		2F5954BC1A7E78BB001D5DAD /* CommunityCollectionViewCell.xib in Resources */ = {isa = PBXBuildFile; fileRef = 2F5954BA1A7E78BB001D5DAD /* CommunityCollectionViewCell.xib */; };
		2F6EFEA61A8074E1001F9DE7 /* CategoryTableViewCell.m in Sources */ = {isa = PBXBuildFile; fileRef = 2F6EFEA41A8074E1001F9DE7 /* CategoryTableViewCell.m */; };
		2F6EFEA71A8074E1001F9DE7 /* CategoryTableViewCell.xib in Resources */ = {isa = PBXBuildFile; fileRef = 2F6EFEA51A8074E1001F9DE7 /* CategoryTableViewCell.xib */; };
		2F6EFEBC1A808806001F9DE7 /* UIImage+ImageEffects.m in Sources */ = {isa = PBXBuildFile; fileRef = 2F6EFEBB1A808806001F9DE7 /* UIImage+ImageEffects.m */; };
		2FC5A2981A7F1BB900DD0E63 /* OTCover.m in Sources */ = {isa = PBXBuildFile; fileRef = 2FC5A2971A7F1BB900DD0E63 /* OTCover.m */; };
		2FC5A29B1A7F1CB200DD0E63 /* TabHomeViewController.m in Sources */ = {isa = PBXBuildFile; fileRef = 2FC5A29A1A7F1CB200DD0E63 /* TabHomeViewController.m */; };
		2FC5A2A01A7F23BA00DD0E63 /* CommunityTableViewCell.m in Sources */ = {isa = PBXBuildFile; fileRef = 2FC5A29E1A7F23B900DD0E63 /* CommunityTableViewCell.m */; };
		2FC5A2A11A7F23BA00DD0E63 /* CommunityTableViewCell.xib in Resources */ = {isa = PBXBuildFile; fileRef = 2FC5A29F1A7F23B900DD0E63 /* CommunityTableViewCell.xib */; };
		2FEEE85C1A7E5B8E0095D8DB /* main.m in Sources */ = {isa = PBXBuildFile; fileRef = 2FEEE85B1A7E5B8E0095D8DB /* main.m */; };
		2FEEE85F1A7E5B8E0095D8DB /* AppDelegate.m in Sources */ = {isa = PBXBuildFile; fileRef = 2FEEE85E1A7E5B8E0095D8DB /* AppDelegate.m */; };
		2FEEE8621A7E5B8E0095D8DB /* WizardViewController.m in Sources */ = {isa = PBXBuildFile; fileRef = 2FEEE8611A7E5B8E0095D8DB /* WizardViewController.m */; };
		2FEEE8651A7E5B8F0095D8DB /* Main.storyboard in Resources */ = {isa = PBXBuildFile; fileRef = 2FEEE8631A7E5B8F0095D8DB /* Main.storyboard */; };
		2FEEE8671A7E5B8F0095D8DB /* Images.xcassets in Resources */ = {isa = PBXBuildFile; fileRef = 2FEEE8661A7E5B8F0095D8DB /* Images.xcassets */; };
		2FEEE86A1A7E5B8F0095D8DB /* LaunchScreen.xib in Resources */ = {isa = PBXBuildFile; fileRef = 2FEEE8681A7E5B8F0095D8DB /* LaunchScreen.xib */; };
		2FEEE8761A7E5B8F0095D8DB /* BinFenV10Tests.m in Sources */ = {isa = PBXBuildFile; fileRef = 2FEEE8751A7E5B8F0095D8DB /* BinFenV10Tests.m */; };
/* End PBXBuildFile section */

/* Begin PBXContainerItemProxy section */
		2FEEE8701A7E5B8F0095D8DB /* PBXContainerItemProxy */ = {
			isa = PBXContainerItemProxy;
			containerPortal = 2FEEE84E1A7E5B8E0095D8DB /* Project object */;
			proxyType = 1;
			remoteGlobalIDString = 2FEEE8551A7E5B8E0095D8DB;
			remoteInfo = BinFenV10;
		};
/* End PBXContainerItemProxy section */

/* Begin PBXFileReference section */
		2F01E7B81A87B694006BDDAB /* ProductImageCell.h */ = {isa = PBXFileReference; fileEncoding = 4; lastKnownFileType = sourcecode.c.h; path = ProductImageCell.h; sourceTree = "<group>"; };
		2F01E7B91A87B694006BDDAB /* ProductImageCell.m */ = {isa = PBXFileReference; fileEncoding = 4; lastKnownFileType = sourcecode.c.objc; path = ProductImageCell.m; sourceTree = "<group>"; };
		2F01E7BA1A87B694006BDDAB /* ProductImageCell.xib */ = {isa = PBXFileReference; fileEncoding = 4; lastKnownFileType = file.xib; path = ProductImageCell.xib; sourceTree = "<group>"; };
		2F01E7BD1A87C075006BDDAB /* PriceTableCell.h */ = {isa = PBXFileReference; fileEncoding = 4; lastKnownFileType = sourcecode.c.h; path = PriceTableCell.h; sourceTree = "<group>"; };
		2F01E7BE1A87C075006BDDAB /* PriceTableCell.m */ = {isa = PBXFileReference; fileEncoding = 4; lastKnownFileType = sourcecode.c.objc; path = PriceTableCell.m; sourceTree = "<group>"; };
		2F01E7BF1A87C075006BDDAB /* PriceTableCell.xib */ = {isa = PBXFileReference; fileEncoding = 4; lastKnownFileType = file.xib; path = PriceTableCell.xib; sourceTree = "<group>"; };
		2F01E7C21A87C2B3006BDDAB /* DescriptionTableCell.h */ = {isa = PBXFileReference; fileEncoding = 4; lastKnownFileType = sourcecode.c.h; path = DescriptionTableCell.h; sourceTree = "<group>"; };
		2F01E7C31A87C2B3006BDDAB /* DescriptionTableCell.m */ = {isa = PBXFileReference; fileEncoding = 4; lastKnownFileType = sourcecode.c.objc; path = DescriptionTableCell.m; sourceTree = "<group>"; };
		2F01E7C41A87C2B3006BDDAB /* DescriptionTableCell.xib */ = {isa = PBXFileReference; fileEncoding = 4; lastKnownFileType = file.xib; path = DescriptionTableCell.xib; sourceTree = "<group>"; };
		2F01E7CA1A87C54C006BDDAB /* SeperatorTableCell.h */ = {isa = PBXFileReference; fileEncoding = 4; lastKnownFileType = sourcecode.c.h; path = SeperatorTableCell.h; sourceTree = "<group>"; };
		2F01E7CB1A87C54C006BDDAB /* SeperatorTableCell.m */ = {isa = PBXFileReference; fileEncoding = 4; lastKnownFileType = sourcecode.c.objc; path = SeperatorTableCell.m; sourceTree = "<group>"; };
		2F01E7CC1A87C54C006BDDAB /* SeperatorTableCell.xib */ = {isa = PBXFileReference; fileEncoding = 4; lastKnownFileType = file.xib; path = SeperatorTableCell.xib; sourceTree = "<group>"; };
		2F0475031A813D1B00196F0B /* ProductTableViewCell.h */ = {isa = PBXFileReference; fileEncoding = 4; lastKnownFileType = sourcecode.c.h; path = ProductTableViewCell.h; sourceTree = "<group>"; };
		2F0475041A813D1B00196F0B /* ProductTableViewCell.m */ = {isa = PBXFileReference; fileEncoding = 4; lastKnownFileType = sourcecode.c.objc; path = ProductTableViewCell.m; sourceTree = "<group>"; };
		2F0475051A813D1B00196F0B /* ProductTableViewCell.xib */ = {isa = PBXFileReference; fileEncoding = 4; lastKnownFileType = file.xib; path = ProductTableViewCell.xib; sourceTree = "<group>"; };
		2F28A0051A89BC6500C296D6 /* NearbyViewController.h */ = {isa = PBXFileReference; fileEncoding = 4; lastKnownFileType = sourcecode.c.h; path = NearbyViewController.h; sourceTree = "<group>"; };
		2F28A0061A89BC6500C296D6 /* NearbyViewController.m */ = {isa = PBXFileReference; fileEncoding = 4; lastKnownFileType = sourcecode.c.objc; path = NearbyViewController.m; sourceTree = "<group>"; };
		2F28A0091A89CFB700C296D6 /* NearbyTableViewCell.h */ = {isa = PBXFileReference; fileEncoding = 4; lastKnownFileType = sourcecode.c.h; path = NearbyTableViewCell.h; sourceTree = "<group>"; };
		2F28A00A1A89CFB700C296D6 /* NearbyTableViewCell.m */ = {isa = PBXFileReference; fileEncoding = 4; lastKnownFileType = sourcecode.c.objc; path = NearbyTableViewCell.m; sourceTree = "<group>"; };
		2F28A00B1A89CFB700C296D6 /* NearbyTableViewCell.xib */ = {isa = PBXFileReference; fileEncoding = 4; lastKnownFileType = file.xib; path = NearbyTableViewCell.xib; sourceTree = "<group>"; };
		2F28A00E1A89D60E00C296D6 /* MessageViewController.h */ = {isa = PBXFileReference; fileEncoding = 4; lastKnownFileType = sourcecode.c.h; path = MessageViewController.h; sourceTree = "<group>"; };
		2F28A00F1A89D60E00C296D6 /* MessageViewController.m */ = {isa = PBXFileReference; fileEncoding = 4; lastKnownFileType = sourcecode.c.objc; path = MessageViewController.m; sourceTree = "<group>"; };
		2F28A0141A89E36F00C296D6 /* DeviceHardware.h */ = {isa = PBXFileReference; fileEncoding = 4; lastKnownFileType = sourcecode.c.h; path = DeviceHardware.h; sourceTree = "<group>"; };
		2F28A0151A89E36F00C296D6 /* DeviceHardware.m */ = {isa = PBXFileReference; fileEncoding = 4; lastKnownFileType = sourcecode.c.objc; path = DeviceHardware.m; sourceTree = "<group>"; };
		2F28A0171A8A057300C296D6 /* AboutMeViewController.h */ = {isa = PBXFileReference; fileEncoding = 4; lastKnownFileType = sourcecode.c.h; path = AboutMeViewController.h; sourceTree = "<group>"; };
		2F28A0181A8A057300C296D6 /* AboutMeViewController.m */ = {isa = PBXFileReference; fileEncoding = 4; lastKnownFileType = sourcecode.c.objc; path = AboutMeViewController.m; sourceTree = "<group>"; };
		2F2B87DA1A832A7100FE8F20 /* MLKMenuPopover.h */ = {isa = PBXFileReference; fileEncoding = 4; lastKnownFileType = sourcecode.c.h; path = MLKMenuPopover.h; sourceTree = "<group>"; };
		2F2B87DB1A832A7100FE8F20 /* MLKMenuPopover.m */ = {isa = PBXFileReference; fileEncoding = 4; lastKnownFileType = sourcecode.c.objc; path = MLKMenuPopover.m; sourceTree = "<group>"; };
		2F2B87DD1A833F4800FE8F20 /* CommunityViewController.h */ = {isa = PBXFileReference; fileEncoding = 4; lastKnownFileType = sourcecode.c.h; path = CommunityViewController.h; sourceTree = "<group>"; };
		2F2B87DE1A833F4800FE8F20 /* CommunityViewController.m */ = {isa = PBXFileReference; fileEncoding = 4; lastKnownFileType = sourcecode.c.objc; path = CommunityViewController.m; sourceTree = "<group>"; };
		2F2B87E01A83650C00FE8F20 /* CategoryCell.xib */ = {isa = PBXFileReference; fileEncoding = 4; lastKnownFileType = file.xib; path = CategoryCell.xib; sourceTree = "<group>"; };
		2F2B87E21A83670600FE8F20 /* ProductCell.xib */ = {isa = PBXFileReference; fileEncoding = 4; lastKnownFileType = file.xib; path = ProductCell.xib; sourceTree = "<group>"; };
		2F31B2071A83D74000A2BB86 /* AFHTTPRequestOperation.h */ = {isa = PBXFileReference; fileEncoding = 4; lastKnownFileType = sourcecode.c.h; path = AFHTTPRequestOperation.h; sourceTree = "<group>"; };
		2F31B2081A83D74000A2BB86 /* AFHTTPRequestOperation.m */ = {isa = PBXFileReference; fileEncoding = 4; lastKnownFileType = sourcecode.c.objc; path = AFHTTPRequestOperation.m; sourceTree = "<group>"; };
		2F31B2091A83D74000A2BB86 /* AFHTTPRequestOperationManager.h */ = {isa = PBXFileReference; fileEncoding = 4; lastKnownFileType = sourcecode.c.h; path = AFHTTPRequestOperationManager.h; sourceTree = "<group>"; };
		2F31B20A1A83D74000A2BB86 /* AFHTTPRequestOperationManager.m */ = {isa = PBXFileReference; fileEncoding = 4; lastKnownFileType = sourcecode.c.objc; path = AFHTTPRequestOperationManager.m; sourceTree = "<group>"; };
		2F31B20B1A83D74000A2BB86 /* AFHTTPSessionManager.h */ = {isa = PBXFileReference; fileEncoding = 4; lastKnownFileType = sourcecode.c.h; path = AFHTTPSessionManager.h; sourceTree = "<group>"; };
		2F31B20C1A83D74000A2BB86 /* AFHTTPSessionManager.m */ = {isa = PBXFileReference; fileEncoding = 4; lastKnownFileType = sourcecode.c.objc; path = AFHTTPSessionManager.m; sourceTree = "<group>"; };
		2F31B20D1A83D74000A2BB86 /* AFNetworking.h */ = {isa = PBXFileReference; fileEncoding = 4; lastKnownFileType = sourcecode.c.h; path = AFNetworking.h; sourceTree = "<group>"; };
		2F31B20E1A83D74000A2BB86 /* AFNetworkReachabilityManager.h */ = {isa = PBXFileReference; fileEncoding = 4; lastKnownFileType = sourcecode.c.h; path = AFNetworkReachabilityManager.h; sourceTree = "<group>"; };
		2F31B20F1A83D74000A2BB86 /* AFNetworkReachabilityManager.m */ = {isa = PBXFileReference; fileEncoding = 4; lastKnownFileType = sourcecode.c.objc; path = AFNetworkReachabilityManager.m; sourceTree = "<group>"; };
		2F31B2101A83D74000A2BB86 /* AFSecurityPolicy.h */ = {isa = PBXFileReference; fileEncoding = 4; lastKnownFileType = sourcecode.c.h; path = AFSecurityPolicy.h; sourceTree = "<group>"; };
		2F31B2111A83D74000A2BB86 /* AFSecurityPolicy.m */ = {isa = PBXFileReference; fileEncoding = 4; lastKnownFileType = sourcecode.c.objc; path = AFSecurityPolicy.m; sourceTree = "<group>"; };
		2F31B2121A83D74000A2BB86 /* AFURLConnectionOperation.h */ = {isa = PBXFileReference; fileEncoding = 4; lastKnownFileType = sourcecode.c.h; path = AFURLConnectionOperation.h; sourceTree = "<group>"; };
		2F31B2131A83D74000A2BB86 /* AFURLConnectionOperation.m */ = {isa = PBXFileReference; fileEncoding = 4; lastKnownFileType = sourcecode.c.objc; path = AFURLConnectionOperation.m; sourceTree = "<group>"; };
		2F31B2141A83D74000A2BB86 /* AFURLRequestSerialization.h */ = {isa = PBXFileReference; fileEncoding = 4; lastKnownFileType = sourcecode.c.h; path = AFURLRequestSerialization.h; sourceTree = "<group>"; };
		2F31B2151A83D74000A2BB86 /* AFURLRequestSerialization.m */ = {isa = PBXFileReference; fileEncoding = 4; lastKnownFileType = sourcecode.c.objc; path = AFURLRequestSerialization.m; sourceTree = "<group>"; };
		2F31B2161A83D74000A2BB86 /* AFURLResponseSerialization.h */ = {isa = PBXFileReference; fileEncoding = 4; lastKnownFileType = sourcecode.c.h; path = AFURLResponseSerialization.h; sourceTree = "<group>"; };
		2F31B2171A83D74000A2BB86 /* AFURLResponseSerialization.m */ = {isa = PBXFileReference; fileEncoding = 4; lastKnownFileType = sourcecode.c.objc; path = AFURLResponseSerialization.m; sourceTree = "<group>"; };
		2F31B2181A83D74000A2BB86 /* AFURLSessionManager.h */ = {isa = PBXFileReference; fileEncoding = 4; lastKnownFileType = sourcecode.c.h; path = AFURLSessionManager.h; sourceTree = "<group>"; };
		2F31B2191A83D74000A2BB86 /* AFURLSessionManager.m */ = {isa = PBXFileReference; fileEncoding = 4; lastKnownFileType = sourcecode.c.objc; path = AFURLSessionManager.m; sourceTree = "<group>"; };
		2F31B2241A83D74D00A2BB86 /* AFNetworkActivityIndicatorManager.h */ = {isa = PBXFileReference; fileEncoding = 4; lastKnownFileType = sourcecode.c.h; path = AFNetworkActivityIndicatorManager.h; sourceTree = "<group>"; };
		2F31B2251A83D74D00A2BB86 /* AFNetworkActivityIndicatorManager.m */ = {isa = PBXFileReference; fileEncoding = 4; lastKnownFileType = sourcecode.c.objc; path = AFNetworkActivityIndicatorManager.m; sourceTree = "<group>"; };
		2F31B2261A83D74D00A2BB86 /* UIActivityIndicatorView+AFNetworking.h */ = {isa = PBXFileReference; fileEncoding = 4; lastKnownFileType = sourcecode.c.h; path = "UIActivityIndicatorView+AFNetworking.h"; sourceTree = "<group>"; };
		2F31B2271A83D74D00A2BB86 /* UIActivityIndicatorView+AFNetworking.m */ = {isa = PBXFileReference; fileEncoding = 4; lastKnownFileType = sourcecode.c.objc; path = "UIActivityIndicatorView+AFNetworking.m"; sourceTree = "<group>"; };
		2F31B2281A83D74D00A2BB86 /* UIAlertView+AFNetworking.h */ = {isa = PBXFileReference; fileEncoding = 4; lastKnownFileType = sourcecode.c.h; path = "UIAlertView+AFNetworking.h"; sourceTree = "<group>"; };
		2F31B2291A83D74D00A2BB86 /* UIAlertView+AFNetworking.m */ = {isa = PBXFileReference; fileEncoding = 4; lastKnownFileType = sourcecode.c.objc; path = "UIAlertView+AFNetworking.m"; sourceTree = "<group>"; };
		2F31B22A1A83D74D00A2BB86 /* UIButton+AFNetworking.h */ = {isa = PBXFileReference; fileEncoding = 4; lastKnownFileType = sourcecode.c.h; path = "UIButton+AFNetworking.h"; sourceTree = "<group>"; };
		2F31B22B1A83D74D00A2BB86 /* UIButton+AFNetworking.m */ = {isa = PBXFileReference; fileEncoding = 4; lastKnownFileType = sourcecode.c.objc; path = "UIButton+AFNetworking.m"; sourceTree = "<group>"; };
		2F31B22C1A83D74D00A2BB86 /* UIImageView+AFNetworking.h */ = {isa = PBXFileReference; fileEncoding = 4; lastKnownFileType = sourcecode.c.h; path = "UIImageView+AFNetworking.h"; sourceTree = "<group>"; };
		2F31B22D1A83D74D00A2BB86 /* UIImageView+AFNetworking.m */ = {isa = PBXFileReference; fileEncoding = 4; lastKnownFileType = sourcecode.c.objc; path = "UIImageView+AFNetworking.m"; sourceTree = "<group>"; };
		2F31B22E1A83D74D00A2BB86 /* UIKit+AFNetworking.h */ = {isa = PBXFileReference; fileEncoding = 4; lastKnownFileType = sourcecode.c.h; path = "UIKit+AFNetworking.h"; sourceTree = "<group>"; };
		2F31B22F1A83D74D00A2BB86 /* UIProgressView+AFNetworking.h */ = {isa = PBXFileReference; fileEncoding = 4; lastKnownFileType = sourcecode.c.h; path = "UIProgressView+AFNetworking.h"; sourceTree = "<group>"; };
		2F31B2301A83D74D00A2BB86 /* UIProgressView+AFNetworking.m */ = {isa = PBXFileReference; fileEncoding = 4; lastKnownFileType = sourcecode.c.objc; path = "UIProgressView+AFNetworking.m"; sourceTree = "<group>"; };
		2F31B2311A83D74D00A2BB86 /* UIRefreshControl+AFNetworking.h */ = {isa = PBXFileReference; fileEncoding = 4; lastKnownFileType = sourcecode.c.h; path = "UIRefreshControl+AFNetworking.h"; sourceTree = "<group>"; };
		2F31B2321A83D74D00A2BB86 /* UIRefreshControl+AFNetworking.m */ = {isa = PBXFileReference; fileEncoding = 4; lastKnownFileType = sourcecode.c.objc; path = "UIRefreshControl+AFNetworking.m"; sourceTree = "<group>"; };
		2F31B2331A83D74D00A2BB86 /* UIWebView+AFNetworking.h */ = {isa = PBXFileReference; fileEncoding = 4; lastKnownFileType = sourcecode.c.h; path = "UIWebView+AFNetworking.h"; sourceTree = "<group>"; };
		2F31B2341A83D74D00A2BB86 /* UIWebView+AFNetworking.m */ = {isa = PBXFileReference; fileEncoding = 4; lastKnownFileType = sourcecode.c.objc; path = "UIWebView+AFNetworking.m"; sourceTree = "<group>"; };
		2F31B23E1A83D77E00A2BB86 /* LAAnimatedGrid.h */ = {isa = PBXFileReference; fileEncoding = 4; lastKnownFileType = sourcecode.c.h; path = LAAnimatedGrid.h; sourceTree = "<group>"; };
		2F31B23F1A83D77E00A2BB86 /* LAAnimatedGrid.m */ = {isa = PBXFileReference; fileEncoding = 4; lastKnownFileType = sourcecode.c.objc; path = LAAnimatedGrid.m; sourceTree = "<group>"; };
		2F31B2401A83D77E00A2BB86 /* LAAnimatedView.h */ = {isa = PBXFileReference; fileEncoding = 4; lastKnownFileType = sourcecode.c.h; path = LAAnimatedView.h; sourceTree = "<group>"; };
		2F31B2411A83D77E00A2BB86 /* LAAnimatedView.m */ = {isa = PBXFileReference; fileEncoding = 4; lastKnownFileType = sourcecode.c.objc; path = LAAnimatedView.m; sourceTree = "<group>"; };
		2F34CEE61A8878ED000AD896 /* CommentTableViewCell.h */ = {isa = PBXFileReference; fileEncoding = 4; lastKnownFileType = sourcecode.c.h; path = CommentTableViewCell.h; sourceTree = "<group>"; };
		2F34CEE71A8878ED000AD896 /* CommentTableViewCell.m */ = {isa = PBXFileReference; fileEncoding = 4; lastKnownFileType = sourcecode.c.objc; path = CommentTableViewCell.m; sourceTree = "<group>"; };
		2F34CEF21A88AC35000AD896 /* OrderDetailViewController.h */ = {isa = PBXFileReference; fileEncoding = 4; lastKnownFileType = sourcecode.c.h; path = OrderDetailViewController.h; sourceTree = "<group>"; };
		2F34CEF31A88AC35000AD896 /* OrderDetailViewController.m */ = {isa = PBXFileReference; fileEncoding = 4; lastKnownFileType = sourcecode.c.objc; path = OrderDetailViewController.m; sourceTree = "<group>"; };
		2F480A8F1A864BB60034CA65 /* ProductDetailViewController.h */ = {isa = PBXFileReference; fileEncoding = 4; lastKnownFileType = sourcecode.c.h; path = ProductDetailViewController.h; sourceTree = "<group>"; };
		2F480A901A864BB60034CA65 /* ProductDetailViewController.m */ = {isa = PBXFileReference; fileEncoding = 4; lastKnownFileType = sourcecode.c.objc; path = ProductDetailViewController.m; sourceTree = "<group>"; };
		2F4A63A81A89049D00B30986 /* CommunitySelectionViewController.h */ = {isa = PBXFileReference; fileEncoding = 4; lastKnownFileType = sourcecode.c.h; path = CommunitySelectionViewController.h; sourceTree = "<group>"; };
		2F4A63A91A89049D00B30986 /* CommunitySelectionViewController.m */ = {isa = PBXFileReference; fileEncoding = 4; lastKnownFileType = sourcecode.c.objc; path = CommunitySelectionViewController.m; sourceTree = "<group>"; };
		2F4A63AB1A890D5300B30986 /* CommunityForSelectionCell.h */ = {isa = PBXFileReference; fileEncoding = 4; lastKnownFileType = sourcecode.c.h; path = CommunityForSelectionCell.h; sourceTree = "<group>"; };
		2F4A63AC1A890D5300B30986 /* CommunityForSelectionCell.m */ = {isa = PBXFileReference; fileEncoding = 4; lastKnownFileType = sourcecode.c.objc; path = CommunityForSelectionCell.m; sourceTree = "<group>"; };
		2F4A63AD1A890D5300B30986 /* CommunityForSelectionCell.xib */ = {isa = PBXFileReference; fileEncoding = 4; lastKnownFileType = file.xib; path = CommunityForSelectionCell.xib; sourceTree = "<group>"; };
		2F5954B01A7E6399001D5DAD /* defs.h */ = {isa = PBXFileReference; lastKnownFileType = sourcecode.c.h; path = defs.h; sourceTree = "<group>"; };
		2F5954B11A7E684D001D5DAD /* BFPreferenceData.h */ = {isa = PBXFileReference; lastKnownFileType = sourcecode.c.h; path = BFPreferenceData.h; sourceTree = "<group>"; };
		2F5954B21A7E6857001D5DAD /* BFPreferenceData.m */ = {isa = PBXFileReference; fileEncoding = 4; lastKnownFileType = sourcecode.c.objc; path = BFPreferenceData.m; sourceTree = "<group>"; };
		2F5954B81A7E78BB001D5DAD /* CommunityCollectionViewCell.h */ = {isa = PBXFileReference; fileEncoding = 4; lastKnownFileType = sourcecode.c.h; path = CommunityCollectionViewCell.h; sourceTree = "<group>"; };
		2F5954B91A7E78BB001D5DAD /* CommunityCollectionViewCell.m */ = {isa = PBXFileReference; fileEncoding = 4; lastKnownFileType = sourcecode.c.objc; path = CommunityCollectionViewCell.m; sourceTree = "<group>"; };
		2F5954BA1A7E78BB001D5DAD /* CommunityCollectionViewCell.xib */ = {isa = PBXFileReference; fileEncoding = 4; lastKnownFileType = file.xib; path = CommunityCollectionViewCell.xib; sourceTree = "<group>"; };
		2F6EFEA31A8074E1001F9DE7 /* CategoryTableViewCell.h */ = {isa = PBXFileReference; fileEncoding = 4; lastKnownFileType = sourcecode.c.h; path = CategoryTableViewCell.h; sourceTree = "<group>"; };
		2F6EFEA41A8074E1001F9DE7 /* CategoryTableViewCell.m */ = {isa = PBXFileReference; fileEncoding = 4; lastKnownFileType = sourcecode.c.objc; path = CategoryTableViewCell.m; sourceTree = "<group>"; };
		2F6EFEA51A8074E1001F9DE7 /* CategoryTableViewCell.xib */ = {isa = PBXFileReference; fileEncoding = 4; lastKnownFileType = file.xib; path = CategoryTableViewCell.xib; sourceTree = "<group>"; };
		2F6EFEBA1A808806001F9DE7 /* UIImage+ImageEffects.h */ = {isa = PBXFileReference; fileEncoding = 4; lastKnownFileType = sourcecode.c.h; name = "UIImage+ImageEffects.h"; path = "BinFenV10/UIImage+ImageEffects.h"; sourceTree = "<group>"; };
		2F6EFEBB1A808806001F9DE7 /* UIImage+ImageEffects.m */ = {isa = PBXFileReference; fileEncoding = 4; lastKnownFileType = sourcecode.c.objc; name = "UIImage+ImageEffects.m"; path = "BinFenV10/UIImage+ImageEffects.m"; sourceTree = "<group>"; };
		2FC5A2961A7F1BB900DD0E63 /* OTCover.h */ = {isa = PBXFileReference; fileEncoding = 4; lastKnownFileType = sourcecode.c.h; path = OTCover.h; sourceTree = "<group>"; };
		2FC5A2971A7F1BB900DD0E63 /* OTCover.m */ = {isa = PBXFileReference; fileEncoding = 4; lastKnownFileType = sourcecode.c.objc; path = OTCover.m; sourceTree = "<group>"; };
		2FC5A2991A7F1CB200DD0E63 /* TabHomeViewController.h */ = {isa = PBXFileReference; fileEncoding = 4; lastKnownFileType = sourcecode.c.h; path = TabHomeViewController.h; sourceTree = "<group>"; };
		2FC5A29A1A7F1CB200DD0E63 /* TabHomeViewController.m */ = {isa = PBXFileReference; fileEncoding = 4; lastKnownFileType = sourcecode.c.objc; path = TabHomeViewController.m; sourceTree = "<group>"; };
		2FC5A29D1A7F23B900DD0E63 /* CommunityTableViewCell.h */ = {isa = PBXFileReference; fileEncoding = 4; lastKnownFileType = sourcecode.c.h; path = CommunityTableViewCell.h; sourceTree = "<group>"; };
		2FC5A29E1A7F23B900DD0E63 /* CommunityTableViewCell.m */ = {isa = PBXFileReference; fileEncoding = 4; lastKnownFileType = sourcecode.c.objc; path = CommunityTableViewCell.m; sourceTree = "<group>"; };
		2FC5A29F1A7F23B900DD0E63 /* CommunityTableViewCell.xib */ = {isa = PBXFileReference; fileEncoding = 4; lastKnownFileType = file.xib; path = CommunityTableViewCell.xib; sourceTree = "<group>"; };
		2FEEE8561A7E5B8E0095D8DB /* BinFenV10.app */ = {isa = PBXFileReference; explicitFileType = wrapper.application; includeInIndex = 0; path = BinFenV10.app; sourceTree = BUILT_PRODUCTS_DIR; };
		2FEEE85A1A7E5B8E0095D8DB /* Info.plist */ = {isa = PBXFileReference; lastKnownFileType = text.plist.xml; path = Info.plist; sourceTree = "<group>"; };
		2FEEE85B1A7E5B8E0095D8DB /* main.m */ = {isa = PBXFileReference; lastKnownFileType = sourcecode.c.objc; path = main.m; sourceTree = "<group>"; };
		2FEEE85D1A7E5B8E0095D8DB /* AppDelegate.h */ = {isa = PBXFileReference; lastKnownFileType = sourcecode.c.h; path = AppDelegate.h; sourceTree = "<group>"; };
		2FEEE85E1A7E5B8E0095D8DB /* AppDelegate.m */ = {isa = PBXFileReference; lastKnownFileType = sourcecode.c.objc; path = AppDelegate.m; sourceTree = "<group>"; };
		2FEEE8601A7E5B8E0095D8DB /* WizardViewController.h */ = {isa = PBXFileReference; lastKnownFileType = sourcecode.c.h; path = WizardViewController.h; sourceTree = "<group>"; };
		2FEEE8611A7E5B8E0095D8DB /* WizardViewController.m */ = {isa = PBXFileReference; lastKnownFileType = sourcecode.c.objc; path = WizardViewController.m; sourceTree = "<group>"; };
		2FEEE8641A7E5B8F0095D8DB /* Base */ = {isa = PBXFileReference; lastKnownFileType = file.storyboard; name = Base; path = Base.lproj/Main.storyboard; sourceTree = "<group>"; };
		2FEEE8661A7E5B8F0095D8DB /* Images.xcassets */ = {isa = PBXFileReference; lastKnownFileType = folder.assetcatalog; path = Images.xcassets; sourceTree = "<group>"; };
		2FEEE8691A7E5B8F0095D8DB /* Base */ = {isa = PBXFileReference; lastKnownFileType = file.xib; name = Base; path = Base.lproj/LaunchScreen.xib; sourceTree = "<group>"; };
		2FEEE86F1A7E5B8F0095D8DB /* BinFenV10Tests.xctest */ = {isa = PBXFileReference; explicitFileType = wrapper.cfbundle; includeInIndex = 0; path = BinFenV10Tests.xctest; sourceTree = BUILT_PRODUCTS_DIR; };
		2FEEE8741A7E5B8F0095D8DB /* Info.plist */ = {isa = PBXFileReference; lastKnownFileType = text.plist.xml; path = Info.plist; sourceTree = "<group>"; };
		2FEEE8751A7E5B8F0095D8DB /* BinFenV10Tests.m */ = {isa = PBXFileReference; lastKnownFileType = sourcecode.c.objc; path = BinFenV10Tests.m; sourceTree = "<group>"; };
/* End PBXFileReference section */

/* Begin PBXFrameworksBuildPhase section */
		2FEEE8531A7E5B8E0095D8DB /* Frameworks */ = {
			isa = PBXFrameworksBuildPhase;
			buildActionMask = 2147483647;
			files = (
			);
			runOnlyForDeploymentPostprocessing = 0;
		};
		2FEEE86C1A7E5B8F0095D8DB /* Frameworks */ = {
			isa = PBXFrameworksBuildPhase;
			buildActionMask = 2147483647;
			files = (
			);
			runOnlyForDeploymentPostprocessing = 0;
		};
/* End PBXFrameworksBuildPhase section */

/* Begin PBXGroup section */
		2F01E7B71A87B66F006BDDAB /* ProductTableCells */ = {
			isa = PBXGroup;
			children = (
				2F01E7B81A87B694006BDDAB /* ProductImageCell.h */,
				2F01E7B91A87B694006BDDAB /* ProductImageCell.m */,
				2F01E7BA1A87B694006BDDAB /* ProductImageCell.xib */,
				2F01E7BD1A87C075006BDDAB /* PriceTableCell.h */,
				2F01E7BE1A87C075006BDDAB /* PriceTableCell.m */,
				2F01E7BF1A87C075006BDDAB /* PriceTableCell.xib */,
				2F01E7C21A87C2B3006BDDAB /* DescriptionTableCell.h */,
				2F01E7C31A87C2B3006BDDAB /* DescriptionTableCell.m */,
				2F01E7C41A87C2B3006BDDAB /* DescriptionTableCell.xib */,
				2F01E7CA1A87C54C006BDDAB /* SeperatorTableCell.h */,
				2F01E7CB1A87C54C006BDDAB /* SeperatorTableCell.m */,
				2F01E7CC1A87C54C006BDDAB /* SeperatorTableCell.xib */,
				2F34CEE61A8878ED000AD896 /* CommentTableViewCell.h */,
				2F34CEE71A8878ED000AD896 /* CommentTableViewCell.m */,
			);
			name = ProductTableCells;
			sourceTree = "<group>";
		};
		2F0475021A813CF000196F0B /* ProductTableCell */ = {
			isa = PBXGroup;
			children = (
				2F0475031A813D1B00196F0B /* ProductTableViewCell.h */,
				2F0475041A813D1B00196F0B /* ProductTableViewCell.m */,
				2F0475051A813D1B00196F0B /* ProductTableViewCell.xib */,
				2F2B87E21A83670600FE8F20 /* ProductCell.xib */,
			);
			name = ProductTableCell;
			sourceTree = "<group>";
		};
		2F28A0081A89CF9A00C296D6 /* NearbyTableCell */ = {
			isa = PBXGroup;
			children = (
				2F28A0091A89CFB700C296D6 /* NearbyTableViewCell.h */,
				2F28A00A1A89CFB700C296D6 /* NearbyTableViewCell.m */,
				2F28A00B1A89CFB700C296D6 /* NearbyTableViewCell.xib */,
			);
			name = NearbyTableCell;
			sourceTree = "<group>";
		};
		2F2B87D91A832A5A00FE8F20 /* MenuPopOver */ = {
			isa = PBXGroup;
			children = (
				2F2B87DA1A832A7100FE8F20 /* MLKMenuPopover.h */,
				2F2B87DB1A832A7100FE8F20 /* MLKMenuPopover.m */,
			);
			name = MenuPopOver;
			sourceTree = "<group>";
		};
		2F31B2061A83D74000A2BB86 /* AFNetworking */ = {
			isa = PBXGroup;
			children = (
				2F31B2071A83D74000A2BB86 /* AFHTTPRequestOperation.h */,
				2F31B2081A83D74000A2BB86 /* AFHTTPRequestOperation.m */,
				2F31B2091A83D74000A2BB86 /* AFHTTPRequestOperationManager.h */,
				2F31B20A1A83D74000A2BB86 /* AFHTTPRequestOperationManager.m */,
				2F31B20B1A83D74000A2BB86 /* AFHTTPSessionManager.h */,
				2F31B20C1A83D74000A2BB86 /* AFHTTPSessionManager.m */,
				2F31B20D1A83D74000A2BB86 /* AFNetworking.h */,
				2F31B20E1A83D74000A2BB86 /* AFNetworkReachabilityManager.h */,
				2F31B20F1A83D74000A2BB86 /* AFNetworkReachabilityManager.m */,
				2F31B2101A83D74000A2BB86 /* AFSecurityPolicy.h */,
				2F31B2111A83D74000A2BB86 /* AFSecurityPolicy.m */,
				2F31B2121A83D74000A2BB86 /* AFURLConnectionOperation.h */,
				2F31B2131A83D74000A2BB86 /* AFURLConnectionOperation.m */,
				2F31B2141A83D74000A2BB86 /* AFURLRequestSerialization.h */,
				2F31B2151A83D74000A2BB86 /* AFURLRequestSerialization.m */,
				2F31B2161A83D74000A2BB86 /* AFURLResponseSerialization.h */,
				2F31B2171A83D74000A2BB86 /* AFURLResponseSerialization.m */,
				2F31B2181A83D74000A2BB86 /* AFURLSessionManager.h */,
				2F31B2191A83D74000A2BB86 /* AFURLSessionManager.m */,
			);
			path = AFNetworking;
			sourceTree = "<group>";
		};
		2F31B2231A83D74D00A2BB86 /* UIKit+AFNetworking */ = {
			isa = PBXGroup;
			children = (
				2F31B2241A83D74D00A2BB86 /* AFNetworkActivityIndicatorManager.h */,
				2F31B2251A83D74D00A2BB86 /* AFNetworkActivityIndicatorManager.m */,
				2F31B2261A83D74D00A2BB86 /* UIActivityIndicatorView+AFNetworking.h */,
				2F31B2271A83D74D00A2BB86 /* UIActivityIndicatorView+AFNetworking.m */,
				2F31B2281A83D74D00A2BB86 /* UIAlertView+AFNetworking.h */,
				2F31B2291A83D74D00A2BB86 /* UIAlertView+AFNetworking.m */,
				2F31B22A1A83D74D00A2BB86 /* UIButton+AFNetworking.h */,
				2F31B22B1A83D74D00A2BB86 /* UIButton+AFNetworking.m */,
				2F31B22C1A83D74D00A2BB86 /* UIImageView+AFNetworking.h */,
				2F31B22D1A83D74D00A2BB86 /* UIImageView+AFNetworking.m */,
				2F31B22E1A83D74D00A2BB86 /* UIKit+AFNetworking.h */,
				2F31B22F1A83D74D00A2BB86 /* UIProgressView+AFNetworking.h */,
				2F31B2301A83D74D00A2BB86 /* UIProgressView+AFNetworking.m */,
				2F31B2311A83D74D00A2BB86 /* UIRefreshControl+AFNetworking.h */,
				2F31B2321A83D74D00A2BB86 /* UIRefreshControl+AFNetworking.m */,
				2F31B2331A83D74D00A2BB86 /* UIWebView+AFNetworking.h */,
				2F31B2341A83D74D00A2BB86 /* UIWebView+AFNetworking.m */,
			);
			path = "UIKit+AFNetworking";
			sourceTree = "<group>";
		};
		2F31B23D1A83D76800A2BB86 /* LAAnimatedGrid */ = {
			isa = PBXGroup;
			children = (
				2F31B23E1A83D77E00A2BB86 /* LAAnimatedGrid.h */,
				2F31B23F1A83D77E00A2BB86 /* LAAnimatedGrid.m */,
				2F31B2401A83D77E00A2BB86 /* LAAnimatedView.h */,
				2F31B2411A83D77E00A2BB86 /* LAAnimatedView.m */,
			);
			name = LAAnimatedGrid;
			sourceTree = "<group>";
		};
		2F5954AE1A7E6374001D5DAD /* BFCommon */ = {
			isa = PBXGroup;
			children = (
				2F5954B01A7E6399001D5DAD /* defs.h */,
				2F5954B11A7E684D001D5DAD /* BFPreferenceData.h */,
				2F5954B21A7E6857001D5DAD /* BFPreferenceData.m */,
			);
			name = BFCommon;
			sourceTree = "<group>";
		};
		2F5954B71A7E7826001D5DAD /* CollectionViewCell */ = {
			isa = PBXGroup;
			children = (
				2F5954B81A7E78BB001D5DAD /* CommunityCollectionViewCell.h */,
				2F5954B91A7E78BB001D5DAD /* CommunityCollectionViewCell.m */,
				2F5954BA1A7E78BB001D5DAD /* CommunityCollectionViewCell.xib */,
			);
			name = CollectionViewCell;
			sourceTree = "<group>";
		};
		2F6EFEA21A8074B8001F9DE7 /* CategoryTableCell */ = {
			isa = PBXGroup;
			children = (
				2F6EFEA31A8074E1001F9DE7 /* CategoryTableViewCell.h */,
				2F6EFEA41A8074E1001F9DE7 /* CategoryTableViewCell.m */,
				2F6EFEA51A8074E1001F9DE7 /* CategoryTableViewCell.xib */,
				2F2B87E01A83650C00FE8F20 /* CategoryCell.xib */,
			);
			name = CategoryTableCell;
			sourceTree = "<group>";
		};
		2F6EFEBD1A80883C001F9DE7 /* Categories */ = {
			isa = PBXGroup;
			children = (
				2F6EFEBA1A808806001F9DE7 /* UIImage+ImageEffects.h */,
				2F6EFEBB1A808806001F9DE7 /* UIImage+ImageEffects.m */,
			);
			name = Categories;
			sourceTree = "<group>";
		};
		2FC5A2951A7F1BB900DD0E63 /* OTCover */ = {
			isa = PBXGroup;
			children = (
				2FC5A2961A7F1BB900DD0E63 /* OTCover.h */,
				2FC5A2971A7F1BB900DD0E63 /* OTCover.m */,
			);
			path = OTCover;
			sourceTree = "<group>";
		};
		2FC5A29C1A7F238200DD0E63 /* CommunityTableRowCell */ = {
			isa = PBXGroup;
			children = (
				2FC5A29D1A7F23B900DD0E63 /* CommunityTableViewCell.h */,
				2FC5A29E1A7F23B900DD0E63 /* CommunityTableViewCell.m */,
				2FC5A29F1A7F23B900DD0E63 /* CommunityTableViewCell.xib */,
				2F4A63AB1A890D5300B30986 /* CommunityForSelectionCell.h */,
				2F4A63AC1A890D5300B30986 /* CommunityForSelectionCell.m */,
				2F4A63AD1A890D5300B30986 /* CommunityForSelectionCell.xib */,
			);
			name = CommunityTableRowCell;
			sourceTree = "<group>";
		};
		2FEEE84D1A7E5B8E0095D8DB = {
			isa = PBXGroup;
			children = (
				2F28A0081A89CF9A00C296D6 /* NearbyTableCell */,
				2F01E7B71A87B66F006BDDAB /* ProductTableCells */,
				2F31B23D1A83D76800A2BB86 /* LAAnimatedGrid */,
				2F31B2231A83D74D00A2BB86 /* UIKit+AFNetworking */,
				2F31B2061A83D74000A2BB86 /* AFNetworking */,
				2F2B87D91A832A5A00FE8F20 /* MenuPopOver */,
				2F6EFEBD1A80883C001F9DE7 /* Categories */,
				2FC5A29C1A7F238200DD0E63 /* CommunityTableRowCell */,
				2F6EFEA21A8074B8001F9DE7 /* CategoryTableCell */,
				2F0475021A813CF000196F0B /* ProductTableCell */,
				2FC5A2951A7F1BB900DD0E63 /* OTCover */,
				2F5954B71A7E7826001D5DAD /* CollectionViewCell */,
				2F5954AE1A7E6374001D5DAD /* BFCommon */,
				2FEEE8581A7E5B8E0095D8DB /* BinFenV10 */,
				2FEEE8721A7E5B8F0095D8DB /* BinFenV10Tests */,
				2FEEE8571A7E5B8E0095D8DB /* Products */,
			);
			sourceTree = "<group>";
		};
		2FEEE8571A7E5B8E0095D8DB /* Products */ = {
			isa = PBXGroup;
			children = (
				2FEEE8561A7E5B8E0095D8DB /* BinFenV10.app */,
				2FEEE86F1A7E5B8F0095D8DB /* BinFenV10Tests.xctest */,
			);
			name = Products;
			sourceTree = "<group>";
		};
		2FEEE8581A7E5B8E0095D8DB /* BinFenV10 */ = {
			isa = PBXGroup;
			children = (
				2F28A0141A89E36F00C296D6 /* DeviceHardware.h */,
				2F28A0151A89E36F00C296D6 /* DeviceHardware.m */,
				2FEEE85D1A7E5B8E0095D8DB /* AppDelegate.h */,
				2FEEE85E1A7E5B8E0095D8DB /* AppDelegate.m */,
				2FEEE8601A7E5B8E0095D8DB /* WizardViewController.h */,
				2FEEE8611A7E5B8E0095D8DB /* WizardViewController.m */,
				2FC5A2991A7F1CB200DD0E63 /* TabHomeViewController.h */,
				2FC5A29A1A7F1CB200DD0E63 /* TabHomeViewController.m */,
				2F4A63A81A89049D00B30986 /* CommunitySelectionViewController.h */,
				2F4A63A91A89049D00B30986 /* CommunitySelectionViewController.m */,
				2F2B87DD1A833F4800FE8F20 /* CommunityViewController.h */,
				2F2B87DE1A833F4800FE8F20 /* CommunityViewController.m */,
				2F480A8F1A864BB60034CA65 /* ProductDetailViewController.h */,
				2F480A901A864BB60034CA65 /* ProductDetailViewController.m */,
				2F34CEF21A88AC35000AD896 /* OrderDetailViewController.h */,
				2F34CEF31A88AC35000AD896 /* OrderDetailViewController.m */,
				2F28A0051A89BC6500C296D6 /* NearbyViewController.h */,
				2F28A0061A89BC6500C296D6 /* NearbyViewController.m */,
				2F28A00E1A89D60E00C296D6 /* MessageViewController.h */,
				2F28A00F1A89D60E00C296D6 /* MessageViewController.m */,
				2F28A0171A8A057300C296D6 /* AboutMeViewController.h */,
				2F28A0181A8A057300C296D6 /* AboutMeViewController.m */,
				2FEEE8631A7E5B8F0095D8DB /* Main.storyboard */,
				2FEEE8661A7E5B8F0095D8DB /* Images.xcassets */,
				2FEEE8681A7E5B8F0095D8DB /* LaunchScreen.xib */,
				2FEEE8591A7E5B8E0095D8DB /* Supporting Files */,
			);
			path = BinFenV10;
			sourceTree = "<group>";
		};
		2FEEE8591A7E5B8E0095D8DB /* Supporting Files */ = {
			isa = PBXGroup;
			children = (
				2FEEE85A1A7E5B8E0095D8DB /* Info.plist */,
				2FEEE85B1A7E5B8E0095D8DB /* main.m */,
			);
			name = "Supporting Files";
			sourceTree = "<group>";
		};
		2FEEE8721A7E5B8F0095D8DB /* BinFenV10Tests */ = {
			isa = PBXGroup;
			children = (
				2FEEE8751A7E5B8F0095D8DB /* BinFenV10Tests.m */,
				2FEEE8731A7E5B8F0095D8DB /* Supporting Files */,
			);
			path = BinFenV10Tests;
			sourceTree = "<group>";
		};
		2FEEE8731A7E5B8F0095D8DB /* Supporting Files */ = {
			isa = PBXGroup;
			children = (
				2FEEE8741A7E5B8F0095D8DB /* Info.plist */,
			);
			name = "Supporting Files";
			sourceTree = "<group>";
		};
/* End PBXGroup section */

/* Begin PBXNativeTarget section */
		2FEEE8551A7E5B8E0095D8DB /* BinFenV10 */ = {
			isa = PBXNativeTarget;
			buildConfigurationList = 2FEEE8791A7E5B8F0095D8DB /* Build configuration list for PBXNativeTarget "BinFenV10" */;
			buildPhases = (
				2FEEE8521A7E5B8E0095D8DB /* Sources */,
				2FEEE8531A7E5B8E0095D8DB /* Frameworks */,
				2FEEE8541A7E5B8E0095D8DB /* Resources */,
			);
			buildRules = (
			);
			dependencies = (
			);
			name = BinFenV10;
			productName = BinFenV10;
			productReference = 2FEEE8561A7E5B8E0095D8DB /* BinFenV10.app */;
			productType = "com.apple.product-type.application";
		};
		2FEEE86E1A7E5B8F0095D8DB /* BinFenV10Tests */ = {
			isa = PBXNativeTarget;
			buildConfigurationList = 2FEEE87C1A7E5B8F0095D8DB /* Build configuration list for PBXNativeTarget "BinFenV10Tests" */;
			buildPhases = (
				2FEEE86B1A7E5B8F0095D8DB /* Sources */,
				2FEEE86C1A7E5B8F0095D8DB /* Frameworks */,
				2FEEE86D1A7E5B8F0095D8DB /* Resources */,
			);
			buildRules = (
			);
			dependencies = (
				2FEEE8711A7E5B8F0095D8DB /* PBXTargetDependency */,
			);
			name = BinFenV10Tests;
			productName = BinFenV10Tests;
			productReference = 2FEEE86F1A7E5B8F0095D8DB /* BinFenV10Tests.xctest */;
			productType = "com.apple.product-type.bundle.unit-test";
		};
/* End PBXNativeTarget section */

/* Begin PBXProject section */
		2FEEE84E1A7E5B8E0095D8DB /* Project object */ = {
			isa = PBXProject;
			attributes = {
				LastUpgradeCheck = 0610;
				ORGANIZATIONNAME = "Wang Long";
				TargetAttributes = {
					2FEEE8551A7E5B8E0095D8DB = {
						CreatedOnToolsVersion = 6.1.1;
						DevelopmentTeam = E99HD65J5U;
					};
					2FEEE86E1A7E5B8F0095D8DB = {
						CreatedOnToolsVersion = 6.1.1;
						TestTargetID = 2FEEE8551A7E5B8E0095D8DB;
					};
				};
			};
			buildConfigurationList = 2FEEE8511A7E5B8E0095D8DB /* Build configuration list for PBXProject "BinFenV10" */;
			compatibilityVersion = "Xcode 3.2";
			developmentRegion = English;
			hasScannedForEncodings = 0;
			knownRegions = (
				en,
				Base,
			);
			mainGroup = 2FEEE84D1A7E5B8E0095D8DB;
			productRefGroup = 2FEEE8571A7E5B8E0095D8DB /* Products */;
			projectDirPath = "";
			projectRoot = "";
			targets = (
				2FEEE8551A7E5B8E0095D8DB /* BinFenV10 */,
				2FEEE86E1A7E5B8F0095D8DB /* BinFenV10Tests */,
			);
		};
/* End PBXProject section */

/* Begin PBXResourcesBuildPhase section */
		2FEEE8541A7E5B8E0095D8DB /* Resources */ = {
			isa = PBXResourcesBuildPhase;
			buildActionMask = 2147483647;
			files = (
				2F2B87E31A83670600FE8F20 /* ProductCell.xib in Resources */,
				2F01E7C11A87C075006BDDAB /* PriceTableCell.xib in Resources */,
				2F28A00D1A89CFB700C296D6 /* NearbyTableViewCell.xib in Resources */,
				2F5954BC1A7E78BB001D5DAD /* CommunityCollectionViewCell.xib in Resources */,
				2FEEE8651A7E5B8F0095D8DB /* Main.storyboard in Resources */,
				2F01E7BC1A87B694006BDDAB /* ProductImageCell.xib in Resources */,
				2F01E7C61A87C2B3006BDDAB /* DescriptionTableCell.xib in Resources */,
				2F01E7CE1A87C54C006BDDAB /* SeperatorTableCell.xib in Resources */,
				2F0475071A813D1B00196F0B /* ProductTableViewCell.xib in Resources */,
				2F6EFEA71A8074E1001F9DE7 /* CategoryTableViewCell.xib in Resources */,
				2FC5A2A11A7F23BA00DD0E63 /* CommunityTableViewCell.xib in Resources */,
				2FEEE86A1A7E5B8F0095D8DB /* LaunchScreen.xib in Resources */,
				2FEEE8671A7E5B8F0095D8DB /* Images.xcassets in Resources */,
				2F4A63AF1A890D5300B30986 /* CommunityForSelectionCell.xib in Resources */,
				2F2B87E11A83650C00FE8F20 /* CategoryCell.xib in Resources */,
			);
			runOnlyForDeploymentPostprocessing = 0;
		};
		2FEEE86D1A7E5B8F0095D8DB /* Resources */ = {
			isa = PBXResourcesBuildPhase;
			buildActionMask = 2147483647;
			files = (
			);
			runOnlyForDeploymentPostprocessing = 0;
		};
/* End PBXResourcesBuildPhase section */

/* Begin PBXSourcesBuildPhase section */
		2FEEE8521A7E5B8E0095D8DB /* Sources */ = {
			isa = PBXSourcesBuildPhase;
			buildActionMask = 2147483647;
			files = (
				2F31B23A1A83D74D00A2BB86 /* UIProgressView+AFNetworking.m in Sources */,
				2F01E7C51A87C2B3006BDDAB /* DescriptionTableCell.m in Sources */,
				2F31B23B1A83D74D00A2BB86 /* UIRefreshControl+AFNetworking.m in Sources */,
				2F4A63AA1A89049D00B30986 /* CommunitySelectionViewController.m in Sources */,
				2F31B23C1A83D74D00A2BB86 /* UIWebView+AFNetworking.m in Sources */,
				2F5954BB1A7E78BB001D5DAD /* CommunityCollectionViewCell.m in Sources */,
				2FC5A29B1A7F1CB200DD0E63 /* TabHomeViewController.m in Sources */,
				2F31B21B1A83D74000A2BB86 /* AFHTTPRequestOperationManager.m in Sources */,
				2F480A911A864BB60034CA65 /* ProductDetailViewController.m in Sources */,
				2FEEE8621A7E5B8E0095D8DB /* WizardViewController.m in Sources */,
				2F31B21F1A83D74000A2BB86 /* AFURLConnectionOperation.m in Sources */,
				2FEEE85F1A7E5B8E0095D8DB /* AppDelegate.m in Sources */,
				2F31B2361A83D74D00A2BB86 /* UIActivityIndicatorView+AFNetworking.m in Sources */,
				2F6EFEBC1A808806001F9DE7 /* UIImage+ImageEffects.m in Sources */,
				2F31B2201A83D74000A2BB86 /* AFURLRequestSerialization.m in Sources */,
				2F01E7C01A87C075006BDDAB /* PriceTableCell.m in Sources */,
				2F0475061A813D1B00196F0B /* ProductTableViewCell.m in Sources */,
				2F31B21C1A83D74000A2BB86 /* AFHTTPSessionManager.m in Sources */,
				2F31B21A1A83D74000A2BB86 /* AFHTTPRequestOperation.m in Sources */,
				2FC5A2A01A7F23BA00DD0E63 /* CommunityTableViewCell.m in Sources */,
				2F31B2351A83D74D00A2BB86 /* AFNetworkActivityIndicatorManager.m in Sources */,
				2F28A00C1A89CFB700C296D6 /* NearbyTableViewCell.m in Sources */,
				2F4A63AE1A890D5300B30986 /* CommunityForSelectionCell.m in Sources */,
				2F31B21E1A83D74000A2BB86 /* AFSecurityPolicy.m in Sources */,
				2F31B2421A83D77E00A2BB86 /* LAAnimatedGrid.m in Sources */,
				2FC5A2981A7F1BB900DD0E63 /* OTCover.m in Sources */,
				2F31B2391A83D74D00A2BB86 /* UIImageView+AFNetworking.m in Sources */,
				2F31B21D1A83D74000A2BB86 /* AFNetworkReachabilityManager.m in Sources */,
				2F28A0071A89BC6500C296D6 /* NearbyViewController.m in Sources */,
				2F01E7CD1A87C54C006BDDAB /* SeperatorTableCell.m in Sources */,
				2F31B2431A83D77E00A2BB86 /* LAAnimatedView.m in Sources */,
				2F31B2221A83D74000A2BB86 /* AFURLSessionManager.m in Sources */,
				2F01E7BB1A87B694006BDDAB /* ProductImageCell.m in Sources */,
				2F28A0161A89E36F00C296D6 /* DeviceHardware.m in Sources */,
				2F6EFEA61A8074E1001F9DE7 /* CategoryTableViewCell.m in Sources */,
				2F28A0101A89D60E00C296D6 /* MessageViewController.m in Sources */,
				2F34CEF41A88AC35000AD896 /* OrderDetailViewController.m in Sources */,
				2F31B2371A83D74D00A2BB86 /* UIAlertView+AFNetworking.m in Sources */,
				2F5954B31A7E6857001D5DAD /* BFPreferenceData.m in Sources */,
				2F2B87DF1A833F4800FE8F20 /* CommunityViewController.m in Sources */,
				2F2B87DC1A832A7100FE8F20 /* MLKMenuPopover.m in Sources */,
				2F31B2211A83D74000A2BB86 /* AFURLResponseSerialization.m in Sources */,
				2F28A0191A8A057300C296D6 /* AboutMeViewController.m in Sources */,
				2F34CEE81A8878ED000AD896 /* CommentTableViewCell.m in Sources */,
				2F31B2381A83D74D00A2BB86 /* UIButton+AFNetworking.m in Sources */,
				2FEEE85C1A7E5B8E0095D8DB /* main.m in Sources */,
			);
			runOnlyForDeploymentPostprocessing = 0;
		};
		2FEEE86B1A7E5B8F0095D8DB /* Sources */ = {
			isa = PBXSourcesBuildPhase;
			buildActionMask = 2147483647;
			files = (
				2FEEE8761A7E5B8F0095D8DB /* BinFenV10Tests.m in Sources */,
			);
			runOnlyForDeploymentPostprocessing = 0;
		};
/* End PBXSourcesBuildPhase section */

/* Begin PBXTargetDependency section */
		2FEEE8711A7E5B8F0095D8DB /* PBXTargetDependency */ = {
			isa = PBXTargetDependency;
			target = 2FEEE8551A7E5B8E0095D8DB /* BinFenV10 */;
			targetProxy = 2FEEE8701A7E5B8F0095D8DB /* PBXContainerItemProxy */;
		};
/* End PBXTargetDependency section */

/* Begin PBXVariantGroup section */
		2FEEE8631A7E5B8F0095D8DB /* Main.storyboard */ = {
			isa = PBXVariantGroup;
			children = (
				2FEEE8641A7E5B8F0095D8DB /* Base */,
			);
			name = Main.storyboard;
			sourceTree = "<group>";
		};
		2FEEE8681A7E5B8F0095D8DB /* LaunchScreen.xib */ = {
			isa = PBXVariantGroup;
			children = (
				2FEEE8691A7E5B8F0095D8DB /* Base */,
			);
			name = LaunchScreen.xib;
			sourceTree = "<group>";
		};
/* End PBXVariantGroup section */

/* Begin XCBuildConfiguration section */
		2FEEE8771A7E5B8F0095D8DB /* Debug */ = {
			isa = XCBuildConfiguration;
			buildSettings = {
				ALWAYS_SEARCH_USER_PATHS = NO;
				CLANG_CXX_LANGUAGE_STANDARD = "gnu++0x";
				CLANG_CXX_LIBRARY = "libc++";
				CLANG_ENABLE_MODULES = YES;
				CLANG_ENABLE_OBJC_ARC = YES;
				CLANG_WARN_BOOL_CONVERSION = YES;
				CLANG_WARN_CONSTANT_CONVERSION = YES;
				CLANG_WARN_DIRECT_OBJC_ISA_USAGE = YES_ERROR;
				CLANG_WARN_EMPTY_BODY = YES;
				CLANG_WARN_ENUM_CONVERSION = YES;
				CLANG_WARN_INT_CONVERSION = YES;
				CLANG_WARN_OBJC_ROOT_CLASS = YES_ERROR;
				CLANG_WARN_UNREACHABLE_CODE = YES;
				CLANG_WARN__DUPLICATE_METHOD_MATCH = YES;
				"CODE_SIGN_IDENTITY[sdk=iphoneos*]" = "iPhone Developer";
				COPY_PHASE_STRIP = NO;
				ENABLE_STRICT_OBJC_MSGSEND = YES;
				GCC_C_LANGUAGE_STANDARD = gnu99;
				GCC_DYNAMIC_NO_PIC = NO;
				GCC_OPTIMIZATION_LEVEL = 0;
				GCC_PREPROCESSOR_DEFINITIONS = (
					"DEBUG=1",
					"$(inherited)",
				);
				GCC_SYMBOLS_PRIVATE_EXTERN = NO;
				GCC_WARN_64_TO_32_BIT_CONVERSION = YES;
				GCC_WARN_ABOUT_RETURN_TYPE = YES_ERROR;
				GCC_WARN_UNDECLARED_SELECTOR = YES;
				GCC_WARN_UNINITIALIZED_AUTOS = YES_AGGRESSIVE;
				GCC_WARN_UNUSED_FUNCTION = YES;
				GCC_WARN_UNUSED_VARIABLE = YES;
				IPHONEOS_DEPLOYMENT_TARGET = 8.1;
				MTL_ENABLE_DEBUG_INFO = YES;
				ONLY_ACTIVE_ARCH = YES;
				SDKROOT = iphoneos;
			};
			name = Debug;
		};
		2FEEE8781A7E5B8F0095D8DB /* Release */ = {
			isa = XCBuildConfiguration;
			buildSettings = {
				ALWAYS_SEARCH_USER_PATHS = NO;
				CLANG_CXX_LANGUAGE_STANDARD = "gnu++0x";
				CLANG_CXX_LIBRARY = "libc++";
				CLANG_ENABLE_MODULES = YES;
				CLANG_ENABLE_OBJC_ARC = YES;
				CLANG_WARN_BOOL_CONVERSION = YES;
				CLANG_WARN_CONSTANT_CONVERSION = YES;
				CLANG_WARN_DIRECT_OBJC_ISA_USAGE = YES_ERROR;
				CLANG_WARN_EMPTY_BODY = YES;
				CLANG_WARN_ENUM_CONVERSION = YES;
				CLANG_WARN_INT_CONVERSION = YES;
				CLANG_WARN_OBJC_ROOT_CLASS = YES_ERROR;
				CLANG_WARN_UNREACHABLE_CODE = YES;
				CLANG_WARN__DUPLICATE_METHOD_MATCH = YES;
				"CODE_SIGN_IDENTITY[sdk=iphoneos*]" = "iPhone Developer";
				COPY_PHASE_STRIP = YES;
				ENABLE_NS_ASSERTIONS = NO;
				ENABLE_STRICT_OBJC_MSGSEND = YES;
				GCC_C_LANGUAGE_STANDARD = gnu99;
				GCC_WARN_64_TO_32_BIT_CONVERSION = YES;
				GCC_WARN_ABOUT_RETURN_TYPE = YES_ERROR;
				GCC_WARN_UNDECLARED_SELECTOR = YES;
				GCC_WARN_UNINITIALIZED_AUTOS = YES_AGGRESSIVE;
				GCC_WARN_UNUSED_FUNCTION = YES;
				GCC_WARN_UNUSED_VARIABLE = YES;
				IPHONEOS_DEPLOYMENT_TARGET = 8.1;
				MTL_ENABLE_DEBUG_INFO = NO;
				SDKROOT = iphoneos;
				VALIDATE_PRODUCT = YES;
			};
			name = Release;
		};
		2FEEE87A1A7E5B8F0095D8DB /* Debug */ = {
			isa = XCBuildConfiguration;
			buildSettings = {
				ASSETCATALOG_COMPILER_APPICON_NAME = AppIcon;
				ASSETCATALOG_COMPILER_LAUNCHIMAGE_NAME = LaunchImage;
				CODE_SIGN_IDENTITY = "iPhone Developer";
				INFOPLIST_FILE = BinFenV10/Info.plist;
				IPHONEOS_DEPLOYMENT_TARGET = 7.0;
				LD_RUNPATH_SEARCH_PATHS = "$(inherited) @executable_path/Frameworks";
				PRODUCT_NAME = "$(TARGET_NAME)";
			};
			name = Debug;
		};
		2FEEE87B1A7E5B8F0095D8DB /* Release */ = {
			isa = XCBuildConfiguration;
			buildSettings = {
				ASSETCATALOG_COMPILER_APPICON_NAME = AppIcon;
				ASSETCATALOG_COMPILER_LAUNCHIMAGE_NAME = LaunchImage;
				CODE_SIGN_IDENTITY = "iPhone Developer";
				INFOPLIST_FILE = BinFenV10/Info.plist;
				IPHONEOS_DEPLOYMENT_TARGET = 7.0;
				LD_RUNPATH_SEARCH_PATHS = "$(inherited) @executable_path/Frameworks";
				PRODUCT_NAME = "$(TARGET_NAME)";
			};
			name = Release;
		};
		2FEEE87D1A7E5B8F0095D8DB /* Debug */ = {
			isa = XCBuildConfiguration;
			buildSettings = {
				BUNDLE_LOADER = "$(TEST_HOST)";
				FRAMEWORK_SEARCH_PATHS = (
					"$(SDKROOT)/Developer/Library/Frameworks",
					"$(inherited)",
				);
				GCC_PREPROCESSOR_DEFINITIONS = (
					"DEBUG=1",
					"$(inherited)",
				);
				INFOPLIST_FILE = BinFenV10Tests/Info.plist;
				LD_RUNPATH_SEARCH_PATHS = "$(inherited) @executable_path/Frameworks @loader_path/Frameworks";
				PRODUCT_NAME = "$(TARGET_NAME)";
				TEST_HOST = "$(BUILT_PRODUCTS_DIR)/BinFenV10.app/BinFenV10";
			};
			name = Debug;
		};
		2FEEE87E1A7E5B8F0095D8DB /* Release */ = {
			isa = XCBuildConfiguration;
			buildSettings = {
				BUNDLE_LOADER = "$(TEST_HOST)";
				FRAMEWORK_SEARCH_PATHS = (
					"$(SDKROOT)/Developer/Library/Frameworks",
					"$(inherited)",
				);
				INFOPLIST_FILE = BinFenV10Tests/Info.plist;
				LD_RUNPATH_SEARCH_PATHS = "$(inherited) @executable_path/Frameworks @loader_path/Frameworks";
				PRODUCT_NAME = "$(TARGET_NAME)";
				TEST_HOST = "$(BUILT_PRODUCTS_DIR)/BinFenV10.app/BinFenV10";
			};
			name = Release;
		};
/* End XCBuildConfiguration section */

/* Begin XCConfigurationList section */
		2FEEE8511A7E5B8E0095D8DB /* Build configuration list for PBXProject "BinFenV10" */ = {
			isa = XCConfigurationList;
			buildConfigurations = (
				2FEEE8771A7E5B8F0095D8DB /* Debug */,
				2FEEE8781A7E5B8F0095D8DB /* Release */,
			);
			defaultConfigurationIsVisible = 0;
			defaultConfigurationName = Release;
		};
		2FEEE8791A7E5B8F0095D8DB /* Build configuration list for PBXNativeTarget "BinFenV10" */ = {
			isa = XCConfigurationList;
			buildConfigurations = (
				2FEEE87A1A7E5B8F0095D8DB /* Debug */,
				2FEEE87B1A7E5B8F0095D8DB /* Release */,
			);
			defaultConfigurationIsVisible = 0;
			defaultConfigurationName = Release;
		};
		2FEEE87C1A7E5B8F0095D8DB /* Build configuration list for PBXNativeTarget "BinFenV10Tests" */ = {
			isa = XCConfigurationList;
			buildConfigurations = (
				2FEEE87D1A7E5B8F0095D8DB /* Debug */,
				2FEEE87E1A7E5B8F0095D8DB /* Release */,
			);
			defaultConfigurationIsVisible = 0;
			defaultConfigurationName = Release;
		};
/* End XCConfigurationList section */
	};
	rootObject = 2FEEE84E1A7E5B8E0095D8DB /* Project object */;
}
